
Microsoft Visual Studio Solution File, Format Version 12.00
# Visual Studio Version 17
VisualStudioVersion = 17.0.32014.148
MinimumVisualStudioVersion = 10.0.40219.1
Project("{FAE04EC0-301F-11D3-BF4B-00C04F79EFBC}") = "TestLibrary", "TestLibrary\TestLibrary.csproj", "{67B078BE-6234-405F-A377-8524DC13EDA5}"
EndProject
Project("{FAE04EC0-301F-11D3-BF4B-00C04F79EFBC}") = "TestProject1", "TestProject1\TestProject1.csproj", "{622F20F8-FF19-474F-B528-12FD66A8E454}"
EndProject
Global
	GlobalSection(SolutionConfigurationPlatforms) = preSolution
		Debug|Any CPU = Debug|Any CPU
		Release|Any CPU = Release|Any CPU
	EndGlobalSection
	GlobalSection(ProjectConfigurationPlatforms) = postSolution
		{67B078BE-6234-405F-A377-8524DC13EDA5}.Debug|Any CPU.ActiveCfg = Debug|Any CPU
		{67B078BE-6234-405F-A377-8524DC13EDA5}.Debug|Any CPU.Build.0 = Debug|Any CPU
		{67B078BE-6234-405F-A377-8524DC13EDA5}.Release|Any CPU.ActiveCfg = Release|Any CPU
		{67B078BE-6234-405F-A377-8524DC13EDA5}.Release|Any CPU.Build.0 = Release|Any CPU
		{622F20F8-FF19-474F-B528-12FD66A8E454}.Debug|Any CPU.ActiveCfg = Debug|Any CPU
		{622F20F8-FF19-474F-B528-12FD66A8E454}.Debug|Any CPU.Build.0 = Debug|Any CPU
		{622F20F8-FF19-474F-B528-12FD66A8E454}.Release|Any CPU.ActiveCfg = Release|Any CPU
		{622F20F8-FF19-474F-B528-12FD66A8E454}.Release|Any CPU.Build.0 = Release|Any CPU
	EndGlobalSection
	GlobalSection(SolutionProperties) = preSolution
		HideSolutionNode = FALSE
	EndGlobalSection
	GlobalSection(ExtensibilityGlobals) = postSolution
		SolutionGuid = {AC318BCE-6E15-4FE4-BD51-2EAA268F0696}
	EndGlobalSection
EndGlobal
